
Microsoft Visual Studio Solution File, Format Version 12.00
# Visual Studio Version 17
VisualStudioVersion = 17.4.33213.308
MinimumVisualStudioVersion = 10.0.40219.1
Project("{8BC9CEB8-8B4A-11D0-8D11-00A0C91BC942}") = "itsa8", "itsa8.vcxproj", "{DACBDA5C-38E5-4E46-A8C6-EA449F4FD240}"
EndProject
Global
	GlobalSection(SolutionConfigurationPlatforms) = preSolution
		Debug|x64 = Debug|x64
		Debug|x86 = Debug|x86
		Release|x64 = Release|x64
		Release|x86 = Release|x86
	EndGlobalSection
	GlobalSection(ProjectConfigurationPlatforms) = postSolution
		{DACBDA5C-38E5-4E46-A8C6-EA449F4FD240}.Debug|x64.ActiveCfg = Debug|x64
		{DACBDA5C-38E5-4E46-A8C6-EA449F4FD240}.Debug|x64.Build.0 = Debug|x64
		{DACBDA5C-38E5-4E46-A8C6-EA449F4FD240}.Debug|x86.ActiveCfg = Debug|Win32
		{DACBDA5C-38E5-4E46-A8C6-EA449F4FD240}.Debug|x86.Build.0 = Debug|Win32
		{DACBDA5C-38E5-4E46-A8C6-EA449F4FD240}.Release|x64.ActiveCfg = Release|x64
		{DACBDA5C-38E5-4E46-A8C6-EA449F4FD240}.Release|x64.Build.0 = Release|x64
		{DACBDA5C-38E5-4E46-A8C6-EA449F4FD240}.Release|x86.ActiveCfg = Release|Win32
		{DACBDA5C-38E5-4E46-A8C6-EA449F4FD240}.Release|x86.Build.0 = Release|Win32
	EndGlobalSection
	GlobalSection(SolutionProperties) = preSolution
		HideSolutionNode = FALSE
	EndGlobalSection
	GlobalSection(ExtensibilityGlobals) = postSolution
		SolutionGuid = {3B67E2E9-49DE-4279-9BB7-E1A3C5EE1536}
	EndGlobalSection
EndGlobal
